
Microsoft Visual Studio Solution File, Format Version 12.00
# Visual Studio Version 17
VisualStudioVersion = 17.14.36414.22
MinimumVisualStudioVersion = 10.0.40219.1
Project("{FAE04EC0-301F-11D3-BF4B-00C04F79EFBC}") = "Engine.Model", "Solar.Asm\Engine\Model\Engine.Model.csproj", "{D8522821-A4AF-98F1-7301-620311B68077}"
EndProject
Project("{FAE04EC0-301F-11D3-BF4B-00C04F79EFBC}") = "Solar.EntitySystem", "Solar.EntitySystem\Solar.EntitySystem.csproj", "{C58262F7-EECA-4F6A-BE74-80E58558D05A}"
EndProject
Project("{FAE04EC0-301F-11D3-BF4B-00C04F79EFBC}") = "Demo6502", "Demo\Demo6502.csproj", "{F3AB59CA-CC29-78FA-68E4-F885817926C8}"
EndProject
Project("{FAE04EC0-301F-11D3-BF4B-00C04F79EFBC}") = "DemoCLI", "DemoCLI\DemoCLI.csproj", "{6DEF7667-6167-461B-9CA7-83B5BF6DEC1C}"
EndProject
Global
	GlobalSection(SolutionConfigurationPlatforms) = preSolution
		Debug|Any CPU = Debug|Any CPU
		Debug|x64 = Debug|x64
		Debug|x86 = Debug|x86
		Release|Any CPU = Release|Any CPU
		Release|x64 = Release|x64
		Release|x86 = Release|x86
	EndGlobalSection
	GlobalSection(ProjectConfigurationPlatforms) = postSolution
		{D8522821-A4AF-98F1-7301-620311B68077}.Debug|Any CPU.ActiveCfg = Debug|Any CPU
		{D8522821-A4AF-98F1-7301-620311B68077}.Debug|Any CPU.Build.0 = Debug|Any CPU
		{D8522821-A4AF-98F1-7301-620311B68077}.Debug|x64.ActiveCfg = Debug|Any CPU
		{D8522821-A4AF-98F1-7301-620311B68077}.Debug|x64.Build.0 = Debug|Any CPU
		{D8522821-A4AF-98F1-7301-620311B68077}.Debug|x86.ActiveCfg = Debug|Any CPU
		{D8522821-A4AF-98F1-7301-620311B68077}.Debug|x86.Build.0 = Debug|Any CPU
		{D8522821-A4AF-98F1-7301-620311B68077}.Release|Any CPU.ActiveCfg = Release|Any CPU
		{D8522821-A4AF-98F1-7301-620311B68077}.Release|Any CPU.Build.0 = Release|Any CPU
		{D8522821-A4AF-98F1-7301-620311B68077}.Release|x64.ActiveCfg = Release|Any CPU
		{D8522821-A4AF-98F1-7301-620311B68077}.Release|x64.Build.0 = Release|Any CPU
		{D8522821-A4AF-98F1-7301-620311B68077}.Release|x86.ActiveCfg = Release|Any CPU
		{D8522821-A4AF-98F1-7301-620311B68077}.Release|x86.Build.0 = Release|Any CPU
		{C58262F7-EECA-4F6A-BE74-80E58558D05A}.Debug|Any CPU.ActiveCfg = Debug|Any CPU
		{C58262F7-EECA-4F6A-BE74-80E58558D05A}.Debug|Any CPU.Build.0 = Debug|Any CPU
		{C58262F7-EECA-4F6A-BE74-80E58558D05A}.Debug|x64.ActiveCfg = Debug|Any CPU
		{C58262F7-EECA-4F6A-BE74-80E58558D05A}.Debug|x64.Build.0 = Debug|Any CPU
		{C58262F7-EECA-4F6A-BE74-80E58558D05A}.Debug|x86.ActiveCfg = Debug|Any CPU
		{C58262F7-EECA-4F6A-BE74-80E58558D05A}.Debug|x86.Build.0 = Debug|Any CPU
		{C58262F7-EECA-4F6A-BE74-80E58558D05A}.Release|Any CPU.ActiveCfg = Release|Any CPU
		{C58262F7-EECA-4F6A-BE74-80E58558D05A}.Release|Any CPU.Build.0 = Release|Any CPU
		{C58262F7-EECA-4F6A-BE74-80E58558D05A}.Release|x64.ActiveCfg = Release|Any CPU
		{C58262F7-EECA-4F6A-BE74-80E58558D05A}.Release|x64.Build.0 = Release|Any CPU
		{C58262F7-EECA-4F6A-BE74-80E58558D05A}.Release|x86.ActiveCfg = Release|Any CPU
		{C58262F7-EECA-4F6A-BE74-80E58558D05A}.Release|x86.Build.0 = Release|Any CPU
		{F3AB59CA-CC29-78FA-68E4-F885817926C8}.Debug|Any CPU.ActiveCfg = Debug|Any CPU
		{F3AB59CA-CC29-78FA-68E4-F885817926C8}.Debug|Any CPU.Build.0 = Debug|Any CPU
		{F3AB59CA-CC29-78FA-68E4-F885817926C8}.Debug|x64.ActiveCfg = Debug|Any CPU
		{F3AB59CA-CC29-78FA-68E4-F885817926C8}.Debug|x64.Build.0 = Debug|Any CPU
		{F3AB59CA-CC29-78FA-68E4-F885817926C8}.Debug|x86.ActiveCfg = Debug|Any CPU
		{F3AB59CA-CC29-78FA-68E4-F885817926C8}.Debug|x86.Build.0 = Debug|Any CPU
		{F3AB59CA-CC29-78FA-68E4-F885817926C8}.Release|Any CPU.ActiveCfg = Release|Any CPU
		{F3AB59CA-CC29-78FA-68E4-F885817926C8}.Release|Any CPU.Build.0 = Release|Any CPU
		{F3AB59CA-CC29-78FA-68E4-F885817926C8}.Release|x64.ActiveCfg = Release|Any CPU
		{F3AB59CA-CC29-78FA-68E4-F885817926C8}.Release|x64.Build.0 = Release|Any CPU
		{F3AB59CA-CC29-78FA-68E4-F885817926C8}.Release|x86.ActiveCfg = Release|Any CPU
		{F3AB59CA-CC29-78FA-68E4-F885817926C8}.Release|x86.Build.0 = Release|Any CPU
		{6DEF7667-6167-461B-9CA7-83B5BF6DEC1C}.Debug|Any CPU.ActiveCfg = Debug|Any CPU
		{6DEF7667-6167-461B-9CA7-83B5BF6DEC1C}.Debug|Any CPU.Build.0 = Debug|Any CPU
		{6DEF7667-6167-461B-9CA7-83B5BF6DEC1C}.Debug|x64.ActiveCfg = Debug|Any CPU
		{6DEF7667-6167-461B-9CA7-83B5BF6DEC1C}.Debug|x64.Build.0 = Debug|Any CPU
		{6DEF7667-6167-461B-9CA7-83B5BF6DEC1C}.Debug|x86.ActiveCfg = Debug|Any CPU
		{6DEF7667-6167-461B-9CA7-83B5BF6DEC1C}.Debug|x86.Build.0 = Debug|Any CPU
		{6DEF7667-6167-461B-9CA7-83B5BF6DEC1C}.Release|Any CPU.ActiveCfg = Release|Any CPU
		{6DEF7667-6167-461B-9CA7-83B5BF6DEC1C}.Release|Any CPU.Build.0 = Release|Any CPU
		{6DEF7667-6167-461B-9CA7-83B5BF6DEC1C}.Release|x64.ActiveCfg = Release|Any CPU
		{6DEF7667-6167-461B-9CA7-83B5BF6DEC1C}.Release|x64.Build.0 = Release|Any CPU
		{6DEF7667-6167-461B-9CA7-83B5BF6DEC1C}.Release|x86.ActiveCfg = Release|Any CPU
		{6DEF7667-6167-461B-9CA7-83B5BF6DEC1C}.Release|x86.Build.0 = Release|Any CPU
	EndGlobalSection
	GlobalSection(SolutionProperties) = preSolution
		HideSolutionNode = FALSE
	EndGlobalSection
	GlobalSection(ExtensibilityGlobals) = postSolution
		SolutionGuid = {FDAE4061-DF93-492D-85D4-B79803140482}
	EndGlobalSection
EndGlobal
